Microsoft Visual Studio Solution File, Format Version 12.00
# Visual Studio Version 17
VisualStudioVersion = 17.5.2.0
MinimumVisualStudioVersion = 10.0.40219.1
Project("{2150E333-8FDC-42A3-9474-1A3956D46DE8}") = "Back-end", "Back-end", "{B670D836-3F3F-1B65-310F-B37E3F845B14}"
EndProject
Project("{FAE04EC0-301F-11D3-BF4B-00C04F79EFBC}") = "BookStoreApi", "Back-end\BookStoreApi\BookStoreApi.csproj", "{E3CA3009-F25D-020A-9156-9BAFBEB192EA}"
EndProject
Global
	GlobalSection(SolutionConfigurationPlatforms) = preSolution
		Debug|Any CPU = Debug|Any CPU
		Release|Any CPU = Release|Any CPU
	EndGlobalSection
	GlobalSection(ProjectConfigurationPlatforms) = postSolution
		{E3CA3009-F25D-020A-9156-9BAFBEB192EA}.Debug|Any CPU.ActiveCfg = Debug|Any CPU
		{E3CA3009-F25D-020A-9156-9BAFBEB192EA}.Debug|Any CPU.Build.0 = Debug|Any CPU
		{E3CA3009-F25D-020A-9156-9BAFBEB192EA}.Release|Any CPU.ActiveCfg = Release|Any CPU
		{E3CA3009-F25D-020A-9156-9BAFBEB192EA}.Release|Any CPU.Build.0 = Release|Any CPU
	EndGlobalSection
	GlobalSection(SolutionProperties) = preSolution
		HideSolutionNode = FALSE
	EndGlobalSection
	GlobalSection(NestedProjects) = preSolution
		{E3CA3009-F25D-020A-9156-9BAFBEB192EA} = {B670D836-3F3F-1B65-310F-B37E3F845B14}
	EndGlobalSection
	GlobalSection(ExtensibilityGlobals) = postSolution
		SolutionGuid = {852DC576-3C1E-457D-8455-D983D838380D}
	EndGlobalSection
EndGlobal
